
Microsoft Visual Studio Solution File, Format Version 12.00
# Visual Studio Version 16
VisualStudioVersion = 16.0.30011.22
MinimumVisualStudioVersion = 10.0.40219.1
Project("{FAE04EC0-301F-11D3-BF4B-00C04F79EFBC}") = "haticeEtogluVizeOdevi3", "haticeEtogluVizeOdevi3\haticeEtogluVizeOdevi3.csproj", "{B2463D86-0EEE-47A2-8BA1-13414574F0B3}"
EndProject
Global
	GlobalSection(SolutionConfigurationPlatforms) = preSolution
		Debug|Any CPU = Debug|Any CPU
		Release|Any CPU = Release|Any CPU
	EndGlobalSection
	GlobalSection(ProjectConfigurationPlatforms) = postSolution
		{B2463D86-0EEE-47A2-8BA1-13414574F0B3}.Debug|Any CPU.ActiveCfg = Debug|Any CPU
		{B2463D86-0EEE-47A2-8BA1-13414574F0B3}.Debug|Any CPU.Build.0 = Debug|Any CPU
		{B2463D86-0EEE-47A2-8BA1-13414574F0B3}.Release|Any CPU.ActiveCfg = Release|Any CPU
		{B2463D86-0EEE-47A2-8BA1-13414574F0B3}.Release|Any CPU.Build.0 = Release|Any CPU
	EndGlobalSection
	GlobalSection(SolutionProperties) = preSolution
		HideSolutionNode = FALSE
	EndGlobalSection
	GlobalSection(ExtensibilityGlobals) = postSolution
		SolutionGuid = {05ACE4E6-4094-4BF9-AAAB-9AF49275EFFE}
	EndGlobalSection
EndGlobal
